// !$*UTF8*$!
{
	archiveVersion = 1;
	classes = {
	};
	objectVersion = 50;
	objects = {

/* Begin PBXBuildFile section */
		FF86F6A22609254B00217F78 /* Host.swift in Sources */ = {isa = PBXBuildFile; fileRef = FF86F6A12609254B00217F78 /* Host.swift */; };
		FF86F6AB260928B800217F78 /* HostProtocol.swift in Sources */ = {isa = PBXBuildFile; fileRef = FF86F6AA260928B800217F78 /* HostProtocol.swift */; };
		FF86F6B1260E66A400217F78 /* Dictionary+URLQueryConvertible.swift in Sources */ = {isa = PBXBuildFile; fileRef = FF86F6B0260E66A400217F78 /* Dictionary+URLQueryConvertible.swift */; };
		FF86F6B6260E6BE700217F78 /* UserProviderProtocol.swift in Sources */ = {isa = PBXBuildFile; fileRef = FF86F6B5260E6BE700217F78 /* UserProviderProtocol.swift */; };
		FF87935925FE386100B3D140 /* URLs.plist in Resources */ = {isa = PBXBuildFile; fileRef = FF87935825FE386100B3D140 /* URLs.plist */; };
		FF9E2C5325F3A12C000C1846 /* LoginBuilder.swift in Sources */ = {isa = PBXBuildFile; fileRef = FF9E2C5225F3A12C000C1846 /* LoginBuilder.swift */; };
		FF9E2C5725F561B9000C1846 /* LoginViewModel.swift in Sources */ = {isa = PBXBuildFile; fileRef = FF9E2C5625F561B9000C1846 /* LoginViewModel.swift */; };
		FFACD5B625F2517B005D5BA1 /* MVVMComponents.swift in Sources */ = {isa = PBXBuildFile; fileRef = FFACD5B525F2517B005D5BA1 /* MVVMComponents.swift */; };
		FFBB06AA25EB9B60005EA5A2 /* MainApp.swift in Sources */ = {isa = PBXBuildFile; fileRef = FFBB06A925EB9B60005EA5A2 /* MainApp.swift */; };
		FFBB06AC25EB9B60005EA5A2 /* LoginView.swift in Sources */ = {isa = PBXBuildFile; fileRef = FFBB06AB25EB9B60005EA5A2 /* LoginView.swift */; };
		FFBB06AE25EB9B61005EA5A2 /* Assets.xcassets in Resources */ = {isa = PBXBuildFile; fileRef = FFBB06AD25EB9B61005EA5A2 /* Assets.xcassets */; };
		FFBB06B125EB9B61005EA5A2 /* Preview Assets.xcassets in Resources */ = {isa = PBXBuildFile; fileRef = FFBB06B025EB9B61005EA5A2 /* Preview Assets.xcassets */; };
		FFD8E6D525F25FFA002CFD86 /* Assembly.swift in Sources */ = {isa = PBXBuildFile; fileRef = FFD8E6D425F25FFA002CFD86 /* Assembly.swift */; };
		FFD8E6D825F26035002CFD86 /* UserProvider.swift in Sources */ = {isa = PBXBuildFile; fileRef = FFD8E6D725F26035002CFD86 /* UserProvider.swift */; };
		FFD8E6DD25F260A6002CFD86 /* User.swift in Sources */ = {isa = PBXBuildFile; fileRef = FFD8E6DC25F260A6002CFD86 /* User.swift */; };
/* End PBXBuildFile section */

/* Begin PBXFileReference section */
		FF86F6A12609254B00217F78 /* Host.swift */ = {isa = PBXFileReference; lastKnownFileType = sourcecode.swift; path = Host.swift; sourceTree = "<group>"; };
		FF86F6AA260928B800217F78 /* HostProtocol.swift */ = {isa = PBXFileReference; lastKnownFileType = sourcecode.swift; path = HostProtocol.swift; sourceTree = "<group>"; };
		FF86F6B0260E66A400217F78 /* Dictionary+URLQueryConvertible.swift */ = {isa = PBXFileReference; lastKnownFileType = sourcecode.swift; path = "Dictionary+URLQueryConvertible.swift"; sourceTree = "<group>"; };
		FF86F6B5260E6BE700217F78 /* UserProviderProtocol.swift */ = {isa = PBXFileReference; lastKnownFileType = sourcecode.swift; path = UserProviderProtocol.swift; sourceTree = "<group>"; };
		FF87935825FE386100B3D140 /* URLs.plist */ = {isa = PBXFileReference; lastKnownFileType = text.plist.xml; path = URLs.plist; sourceTree = "<group>"; };
		FF9E2C5225F3A12C000C1846 /* LoginBuilder.swift */ = {isa = PBXFileReference; lastKnownFileType = sourcecode.swift; path = LoginBuilder.swift; sourceTree = "<group>"; };
		FF9E2C5625F561B9000C1846 /* LoginViewModel.swift */ = {isa = PBXFileReference; lastKnownFileType = sourcecode.swift; path = LoginViewModel.swift; sourceTree = "<group>"; };
		FFACD5B525F2517B005D5BA1 /* MVVMComponents.swift */ = {isa = PBXFileReference; lastKnownFileType = sourcecode.swift; path = MVVMComponents.swift; sourceTree = "<group>"; };
		FFBB06A625EB9B60005EA5A2 /* Online-Curator.app */ = {isa = PBXFileReference; explicitFileType = wrapper.application; includeInIndex = 0; path = "Online-Curator.app"; sourceTree = BUILT_PRODUCTS_DIR; };
		FFBB06A925EB9B60005EA5A2 /* MainApp.swift */ = {isa = PBXFileReference; lastKnownFileType = sourcecode.swift; path = MainApp.swift; sourceTree = "<group>"; };
		FFBB06AB25EB9B60005EA5A2 /* LoginView.swift */ = {isa = PBXFileReference; lastKnownFileType = sourcecode.swift; path = LoginView.swift; sourceTree = "<group>"; };
		FFBB06AD25EB9B61005EA5A2 /* Assets.xcassets */ = {isa = PBXFileReference; lastKnownFileType = folder.assetcatalog; path = Assets.xcassets; sourceTree = "<group>"; };
		FFBB06B025EB9B61005EA5A2 /* Preview Assets.xcassets */ = {isa = PBXFileReference; lastKnownFileType = folder.assetcatalog; path = "Preview Assets.xcassets"; sourceTree = "<group>"; };
		FFBB06B225EB9B61005EA5A2 /* Info.plist */ = {isa = PBXFileReference; lastKnownFileType = text.plist.xml; path = Info.plist; sourceTree = "<group>"; };
		FFD8E6D425F25FFA002CFD86 /* Assembly.swift */ = {isa = PBXFileReference; lastKnownFileType = sourcecode.swift; path = Assembly.swift; sourceTree = "<group>"; };
		FFD8E6D725F26035002CFD86 /* UserProvider.swift */ = {isa = PBXFileReference; lastKnownFileType = sourcecode.swift; path = UserProvider.swift; sourceTree = "<group>"; };
		FFD8E6DC25F260A6002CFD86 /* User.swift */ = {isa = PBXFileReference; lastKnownFileType = sourcecode.swift; path = User.swift; sourceTree = "<group>"; };
/* End PBXFileReference section */

/* Begin PBXFrameworksBuildPhase section */
		FFBB06A325EB9B60005EA5A2 /* Frameworks */ = {
			isa = PBXFrameworksBuildPhase;
			buildActionMask = 2147483647;
			files = (
			);
			runOnlyForDeploymentPostprocessing = 0;
		};
/* End PBXFrameworksBuildPhase section */

/* Begin PBXGroup section */
		FF86F6A02609250B00217F78 /* Networking */ = {
			isa = PBXGroup;
			children = (
				FF86F6AA260928B800217F78 /* HostProtocol.swift */,
				FF86F6A12609254B00217F78 /* Host.swift */,
				FF86F6B0260E66A400217F78 /* Dictionary+URLQueryConvertible.swift */,
			);
			path = Networking;
			sourceTree = "<group>";
		};
		FF87934925FE26D900B3D140 /* Sources */ = {
			isa = PBXGroup;
			children = (
				FFACD5B825F25186005D5BA1 /* Common */,
				FFD8E6E125F285B4002CFD86 /* Modules */,
				FFD8E6D325F25D7F002CFD86 /* Services */,
				FFBB06A925EB9B60005EA5A2 /* MainApp.swift */,
			);
			path = Sources;
			sourceTree = "<group>";
		};
		FF87934D25FE2A5D00B3D140 /* InfoPlists */ = {
			isa = PBXGroup;
			children = (
				FF87935B25FE387D00B3D140 /* GitIgnore */,
				FFBB06B225EB9B61005EA5A2 /* Info.plist */,
			);
			path = InfoPlists;
			sourceTree = "<group>";
		};
		FF87935025FE2AE600B3D140 /* Resources */ = {
			isa = PBXGroup;
			children = (
				FFBB06AF25EB9B61005EA5A2 /* Preview Content */,
				FFBB06AD25EB9B61005EA5A2 /* Assets.xcassets */,
			);
			path = Resources;
			sourceTree = "<group>";
		};
		FF87935B25FE387D00B3D140 /* GitIgnore */ = {
			isa = PBXGroup;
			children = (
				FF87935825FE386100B3D140 /* URLs.plist */,
			);
			path = GitIgnore;
			sourceTree = "<group>";
		};
		FF9E2C5125F3A0CB000C1846 /* Login */ = {
			isa = PBXGroup;
			children = (
				FF9E2C5225F3A12C000C1846 /* LoginBuilder.swift */,
				FFBB06AB25EB9B60005EA5A2 /* LoginView.swift */,
				FF9E2C5625F561B9000C1846 /* LoginViewModel.swift */,
			);
			path = Login;
			sourceTree = "<group>";
		};
		FFACD5B825F25186005D5BA1 /* Common */ = {
			isa = PBXGroup;
			children = (
				FFACD5B525F2517B005D5BA1 /* MVVMComponents.swift */,
			);
			path = Common;
			sourceTree = "<group>";
		};
		FFBB069D25EB9B60005EA5A2 = {
			isa = PBXGroup;
			children = (
				FFBB06A825EB9B60005EA5A2 /* Online-Curator */,
				FFBB06A725EB9B60005EA5A2 /* Products */,
			);
			sourceTree = "<group>";
		};
		FFBB06A725EB9B60005EA5A2 /* Products */ = {
			isa = PBXGroup;
			children = (
				FFBB06A625EB9B60005EA5A2 /* Online-Curator.app */,
			);
			name = Products;
			sourceTree = "<group>";
		};
		FFBB06A825EB9B60005EA5A2 /* Online-Curator */ = {
			isa = PBXGroup;
			children = (
				FF87934925FE26D900B3D140 /* Sources */,
				FF87935025FE2AE600B3D140 /* Resources */,
				FF87934D25FE2A5D00B3D140 /* InfoPlists */,
			);
			path = "Online-Curator";
			sourceTree = "<group>";
		};
		FFBB06AF25EB9B61005EA5A2 /* Preview Content */ = {
			isa = PBXGroup;
			children = (
				FFBB06B025EB9B61005EA5A2 /* Preview Assets.xcassets */,
			);
			path = "Preview Content";
			sourceTree = "<group>";
		};
		FFD8E6D325F25D7F002CFD86 /* Services */ = {
			isa = PBXGroup;
			children = (
				FF86F6A02609250B00217F78 /* Networking */,
				FFD8E6DB25F2605F002CFD86 /* UserProvider */,
				FFD8E6D425F25FFA002CFD86 /* Assembly.swift */,
			);
			path = Services;
			sourceTree = "<group>";
		};
		FFD8E6DB25F2605F002CFD86 /* UserProvider */ = {
			isa = PBXGroup;
			children = (
				FF86F6B5260E6BE700217F78 /* UserProviderProtocol.swift */,
				FFD8E6D725F26035002CFD86 /* UserProvider.swift */,
				FFD8E6DC25F260A6002CFD86 /* User.swift */,
			);
			path = UserProvider;
			sourceTree = "<group>";
		};
		FFD8E6E125F285B4002CFD86 /* Modules */ = {
			isa = PBXGroup;
			children = (
				FF9E2C5125F3A0CB000C1846 /* Login */,
			);
			path = Modules;
			sourceTree = "<group>";
		};
/* End PBXGroup section */

/* Begin PBXNativeTarget section */
		FFBB06A525EB9B60005EA5A2 /* Online-Curator */ = {
			isa = PBXNativeTarget;
			buildConfigurationList = FFBB06B525EB9B61005EA5A2 /* Build configuration list for PBXNativeTarget "Online-Curator" */;
			buildPhases = (
				FFBB06A225EB9B60005EA5A2 /* Sources */,
				FFBB06A325EB9B60005EA5A2 /* Frameworks */,
				FFBB06A425EB9B60005EA5A2 /* Resources */,
			);
			buildRules = (
			);
			dependencies = (
			);
			name = "Online-Curator";
			productName = "Online-Curator";
			productReference = FFBB06A625EB9B60005EA5A2 /* Online-Curator.app */;
			productType = "com.apple.product-type.application";
		};
/* End PBXNativeTarget section */

/* Begin PBXProject section */
		FFBB069E25EB9B60005EA5A2 /* Project object */ = {
			isa = PBXProject;
			attributes = {
				LastSwiftUpdateCheck = 1240;
				LastUpgradeCheck = 1240;
				TargetAttributes = {
					FFBB06A525EB9B60005EA5A2 = {
						CreatedOnToolsVersion = 12.4;
					};
				};
			};
			buildConfigurationList = FFBB06A125EB9B60005EA5A2 /* Build configuration list for PBXProject "Online-Curator" */;
			compatibilityVersion = "Xcode 9.3";
			developmentRegion = en;
			hasScannedForEncodings = 0;
			knownRegions = (
				en,
				Base,
			);
			mainGroup = FFBB069D25EB9B60005EA5A2;
			productRefGroup = FFBB06A725EB9B60005EA5A2 /* Products */;
			projectDirPath = "";
			projectRoot = "";
			targets = (
				FFBB06A525EB9B60005EA5A2 /* Online-Curator */,
			);
		};
/* End PBXProject section */

/* Begin PBXResourcesBuildPhase section */
		FFBB06A425EB9B60005EA5A2 /* Resources */ = {
			isa = PBXResourcesBuildPhase;
			buildActionMask = 2147483647;
			files = (
				FF87935925FE386100B3D140 /* URLs.plist in Resources */,
				FFBB06B125EB9B61005EA5A2 /* Preview Assets.xcassets in Resources */,
				FFBB06AE25EB9B61005EA5A2 /* Assets.xcassets in Resources */,
			);
			runOnlyForDeploymentPostprocessing = 0;
		};
/* End PBXResourcesBuildPhase section */

/* Begin PBXSourcesBuildPhase section */
		FFBB06A225EB9B60005EA5A2 /* Sources */ = {
			isa = PBXSourcesBuildPhase;
			buildActionMask = 2147483647;
			files = (
				FFBB06AC25EB9B60005EA5A2 /* LoginView.swift in Sources */,
				FF86F6A22609254B00217F78 /* Host.swift in Sources */,
				FF86F6AB260928B800217F78 /* HostProtocol.swift in Sources */,
				FFD8E6D525F25FFA002CFD86 /* Assembly.swift in Sources */,
				FF9E2C5325F3A12C000C1846 /* LoginBuilder.swift in Sources */,
				FF86F6B6260E6BE700217F78 /* UserProviderProtocol.swift in Sources */,
				FFD8E6DD25F260A6002CFD86 /* User.swift in Sources */,
				FF86F6B1260E66A400217F78 /* Dictionary+URLQueryConvertible.swift in Sources */,
				FF9E2C5725F561B9000C1846 /* LoginViewModel.swift in Sources */,
				FFACD5B625F2517B005D5BA1 /* MVVMComponents.swift in Sources */,
				FFBB06AA25EB9B60005EA5A2 /* MainApp.swift in Sources */,
				FFD8E6D825F26035002CFD86 /* UserProvider.swift in Sources */,
			);
			runOnlyForDeploymentPostprocessing = 0;
		};
/* End PBXSourcesBuildPhase section */

/* Begin XCBuildConfiguration section */
		FFBB06B325EB9B61005EA5A2 /* Debug */ = {
			isa = XCBuildConfiguration;
			buildSettings = {
				ALWAYS_SEARCH_USER_PATHS = NO;
				CLANG_ANALYZER_NONNULL = YES;
				CLANG_ANALYZER_NUMBER_OBJECT_CONVERSION = YES_AGGRESSIVE;
				CLANG_CXX_LANGUAGE_STANDARD = "gnu++14";
				CLANG_CXX_LIBRARY = "libc++";
				CLANG_ENABLE_MODULES = YES;
				CLANG_ENABLE_OBJC_ARC = YES;
				CLANG_ENABLE_OBJC_WEAK = YES;
				CLANG_WARN_BLOCK_CAPTURE_AUTORELEASING = YES;
				CLANG_WARN_BOOL_CONVERSION = YES;
				CLANG_WARN_COMMA = YES;
				CLANG_WARN_CONSTANT_CONVERSION = YES;
				CLANG_WARN_DEPRECATED_OBJC_IMPLEMENTATIONS = YES;
				CLANG_WARN_DIRECT_OBJC_ISA_USAGE = YES_ERROR;
				CLANG_WARN_DOCUMENTATION_COMMENTS = YES;
				CLANG_WARN_EMPTY_BODY = YES;
				CLANG_WARN_ENUM_CONVERSION = YES;
				CLANG_WARN_INFINITE_RECURSION = YES;
				CLANG_WARN_INT_CONVERSION = YES;
				CLANG_WARN_NON_LITERAL_NULL_CONVERSION = YES;
				CLANG_WARN_OBJC_IMPLICIT_RETAIN_SELF = YES;
				CLANG_WARN_OBJC_LITERAL_CONVERSION = YES;
				CLANG_WARN_OBJC_ROOT_CLASS = YES_ERROR;
				CLANG_WARN_QUOTED_INCLUDE_IN_FRAMEWORK_HEADER = YES;
				CLANG_WARN_RANGE_LOOP_ANALYSIS = YES;
				CLANG_WARN_STRICT_PROTOTYPES = YES;
				CLANG_WARN_SUSPICIOUS_MOVE = YES;
				CLANG_WARN_UNGUARDED_AVAILABILITY = YES_AGGRESSIVE;
				CLANG_WARN_UNREACHABLE_CODE = YES;
				CLANG_WARN__DUPLICATE_METHOD_MATCH = YES;
				COPY_PHASE_STRIP = NO;
				DEBUG_INFORMATION_FORMAT = dwarf;
				ENABLE_STRICT_OBJC_MSGSEND = YES;
				ENABLE_TESTABILITY = YES;
				GCC_C_LANGUAGE_STANDARD = gnu11;
				GCC_DYNAMIC_NO_PIC = NO;
				GCC_NO_COMMON_BLOCKS = YES;
				GCC_OPTIMIZATION_LEVEL = 0;
				GCC_PREPROCESSOR_DEFINITIONS = (
					"DEBUG=1",
					"$(inherited)",
				);
				GCC_WARN_64_TO_32_BIT_CONVERSION = YES;
				GCC_WARN_ABOUT_RETURN_TYPE = YES_ERROR;
				GCC_WARN_UNDECLARED_SELECTOR = YES;
				GCC_WARN_UNINITIALIZED_AUTOS = YES_AGGRESSIVE;
				GCC_WARN_UNUSED_FUNCTION = YES;
				GCC_WARN_UNUSED_VARIABLE = YES;
				IPHONEOS_DEPLOYMENT_TARGET = 14.4;
				MTL_ENABLE_DEBUG_INFO = INCLUDE_SOURCE;
				MTL_FAST_MATH = YES;
				ONLY_ACTIVE_ARCH = YES;
				SDKROOT = iphoneos;
				SWIFT_ACTIVE_COMPILATION_CONDITIONS = DEBUG;
				SWIFT_OPTIMIZATION_LEVEL = "-Onone";
			};
			name = Debug;
		};
		FFBB06B425EB9B61005EA5A2 /* Release */ = {
			isa = XCBuildConfiguration;
			buildSettings = {
				ALWAYS_SEARCH_USER_PATHS = NO;
				CLANG_ANALYZER_NONNULL = YES;
				CLANG_ANALYZER_NUMBER_OBJECT_CONVERSION = YES_AGGRESSIVE;
				CLANG_CXX_LANGUAGE_STANDARD = "gnu++14";
				CLANG_CXX_LIBRARY = "libc++";
				CLANG_ENABLE_MODULES = YES;
				CLANG_ENABLE_OBJC_ARC = YES;
				CLANG_ENABLE_OBJC_WEAK = YES;
				CLANG_WARN_BLOCK_CAPTURE_AUTORELEASING = YES;
				CLANG_WARN_BOOL_CONVERSION = YES;
				CLANG_WARN_COMMA = YES;
				CLANG_WARN_CONSTANT_CONVERSION = YES;
				CLANG_WARN_DEPRECATED_OBJC_IMPLEMENTATIONS = YES;
				CLANG_WARN_DIRECT_OBJC_ISA_USAGE = YES_ERROR;
				CLANG_WARN_DOCUMENTATION_COMMENTS = YES;
				CLANG_WARN_EMPTY_BODY = YES;
				CLANG_WARN_ENUM_CONVERSION = YES;
				CLANG_WARN_INFINITE_RECURSION = YES;
				CLANG_WARN_INT_CONVERSION = YES;
				CLANG_WARN_NON_LITERAL_NULL_CONVERSION = YES;
				CLANG_WARN_OBJC_IMPLICIT_RETAIN_SELF = YES;
				CLANG_WARN_OBJC_LITERAL_CONVERSION = YES;
				CLANG_WARN_OBJC_ROOT_CLASS = YES_ERROR;
				CLANG_WARN_QUOTED_INCLUDE_IN_FRAMEWORK_HEADER = YES;
				CLANG_WARN_RANGE_LOOP_ANALYSIS = YES;
				CLANG_WARN_STRICT_PROTOTYPES = YES;
				CLANG_WARN_SUSPICIOUS_MOVE = YES;
				CLANG_WARN_UNGUARDED_AVAILABILITY = YES_AGGRESSIVE;
				CLANG_WARN_UNREACHABLE_CODE = YES;
				CLANG_WARN__DUPLICATE_METHOD_MATCH = YES;
				COPY_PHASE_STRIP = NO;
				DEBUG_INFORMATION_FORMAT = "dwarf-with-dsym";
				ENABLE_NS_ASSERTIONS = NO;
				ENABLE_STRICT_OBJC_MSGSEND = YES;
				GCC_C_LANGUAGE_STANDARD = gnu11;
				GCC_NO_COMMON_BLOCKS = YES;
				GCC_WARN_64_TO_32_BIT_CONVERSION = YES;
				GCC_WARN_ABOUT_RETURN_TYPE = YES_ERROR;
				GCC_WARN_UNDECLARED_SELECTOR = YES;
				GCC_WARN_UNINITIALIZED_AUTOS = YES_AGGRESSIVE;
				GCC_WARN_UNUSED_FUNCTION = YES;
				GCC_WARN_UNUSED_VARIABLE = YES;
				IPHONEOS_DEPLOYMENT_TARGET = 14.4;
				MTL_ENABLE_DEBUG_INFO = NO;
				MTL_FAST_MATH = YES;
				SDKROOT = iphoneos;
				SWIFT_COMPILATION_MODE = wholemodule;
				SWIFT_OPTIMIZATION_LEVEL = "-O";
				VALIDATE_PRODUCT = YES;
			};
			name = Release;
		};
		FFBB06B625EB9B61005EA5A2 /* Debug */ = {
			isa = XCBuildConfiguration;
			buildSettings = {
				ASSETCATALOG_COMPILER_APPICON_NAME = AppIcon;
				ASSETCATALOG_COMPILER_GLOBAL_ACCENT_COLOR_NAME = AccentColor;
				CODE_SIGN_STYLE = Automatic;
				DEVELOPMENT_ASSET_PATHS = "\"Online-Curator/Resources/Preview Content\"";
				DEVELOPMENT_TEAM = 22G9XCBT9G;
				ENABLE_PREVIEWS = YES;
				INFOPLIST_FILE = "Online-Curator/InfoPlists/Info.plist";
				IPHONEOS_DEPLOYMENT_TARGET = 14.0;
				LD_RUNPATH_SEARCH_PATHS = (
					"$(inherited)",
					"@executable_path/Frameworks",
				);
				PRODUCT_BUNDLE_IDENTIFIER = "RusDevApp.Online-Curator";
				PRODUCT_NAME = "$(TARGET_NAME)";
				SWIFT_VERSION = 5.0;
				TARGETED_DEVICE_FAMILY = "1,2";
			};
			name = Debug;
		};
		FFBB06B725EB9B61005EA5A2 /* Release */ = {
			isa = XCBuildConfiguration;
			buildSettings = {
				ASSETCATALOG_COMPILER_APPICON_NAME = AppIcon;
				ASSETCATALOG_COMPILER_GLOBAL_ACCENT_COLOR_NAME = AccentColor;
				CODE_SIGN_STYLE = Automatic;
				DEVELOPMENT_ASSET_PATHS = "\"Online-Curator/Resources/Preview Content\"";
				DEVELOPMENT_TEAM = 22G9XCBT9G;
				ENABLE_PREVIEWS = YES;
				INFOPLIST_FILE = "Online-Curator/InfoPlists/Info.plist";
				IPHONEOS_DEPLOYMENT_TARGET = 14.0;
				LD_RUNPATH_SEARCH_PATHS = (
					"$(inherited)",
					"@executable_path/Frameworks",
				);
				PRODUCT_BUNDLE_IDENTIFIER = "RusDevApp.Online-Curator";
				PRODUCT_NAME = "$(TARGET_NAME)";
				SWIFT_VERSION = 5.0;
				TARGETED_DEVICE_FAMILY = "1,2";
			};
			name = Release;
		};
/* End XCBuildConfiguration section */

/* Begin XCConfigurationList section */
		FFBB06A125EB9B60005EA5A2 /* Build configuration list for PBXProject "Online-Curator" */ = {
			isa = XCConfigurationList;
			buildConfigurations = (
				FFBB06B325EB9B61005EA5A2 /* Debug */,
				FFBB06B425EB9B61005EA5A2 /* Release */,
			);
			defaultConfigurationIsVisible = 0;
			defaultConfigurationName = Release;
		};
		FFBB06B525EB9B61005EA5A2 /* Build configuration list for PBXNativeTarget "Online-Curator" */ = {
			isa = XCConfigurationList;
			buildConfigurations = (
				FFBB06B625EB9B61005EA5A2 /* Debug */,
				FFBB06B725EB9B61005EA5A2 /* Release */,
			);
			defaultConfigurationIsVisible = 0;
			defaultConfigurationName = Release;
		};
/* End XCConfigurationList section */
	};
	rootObject = FFBB069E25EB9B60005EA5A2 /* Project object */;
}
